
Microsoft Visual Studio Solution File, Format Version 12.00
# Visual Studio Version 17
VisualStudioVersion = 17.9.34723.18
MinimumVisualStudioVersion = 10.0.40219.1
Project("{9A19103F-16F7-4668-BE54-9A1E7A4F7556}") = "PSSDotNetCore.ConsoleApp", "PSSDotNetCore.ConsoleApp\PSSDotNetCore.ConsoleApp.csproj", "{403A5060-A220-4DA6-A376-16DE3909A4EA}"
EndProject
Project("{9A19103F-16F7-4668-BE54-9A1E7A4F7556}") = "PSSDotNetCore.RestApi", "PSSDotNetCore.RestApi\PSSDotNetCore.RestApi.csproj", "{2CDBC1A4-6DC4-4BEA-ADA8-5960F4B71712}"
EndProject
Project("{2150E333-8FDC-42A3-9474-1A3956D46DE8}") = "Documents", "Documents", "{18555828-C9D3-4B27-BD4D-5FD6F75CAB6D}"
	ProjectSection(SolutionItems) = preProject
		PSSDotNetCore.sql.sql = PSSDotNetCore.sql.sql
		README.md = README.md
	EndProjectSection
EndProject
Project("{9A19103F-16F7-4668-BE54-9A1E7A4F7556}") = "PSSDotNetCore.Shared", "PSSDotNetCore.Shared\PSSDotNetCore.Shared.csproj", "{F5E5E1A9-5A00-4058-8EEE-BA2967F85608}"
EndProject
Project("{9A19103F-16F7-4668-BE54-9A1E7A4F7556}") = "PSSDotNetCore.RestApiWithNLayer", "PSSDotNetCore.RestApiWithNLayer\PSSDotNetCore.RestApiWithNLayer.csproj", "{7721F6A9-BF47-46F3-BE7C-9D30680D9DA5}"
EndProject
Project("{9A19103F-16F7-4668-BE54-9A1E7A4F7556}") = "PSSDotNetCore.ConsoleAppHttpClient", "PSSDotNetCore.ConsoleAppHttpClient\PSSDotNetCore.ConsoleAppHttpClient.csproj", "{BD5BD1CE-8A16-4905-BA20-5946E193BB3E}"
EndProject
Project("{9A19103F-16F7-4668-BE54-9A1E7A4F7556}") = "PSSDotNetCore.ConsoleAppHttpClientExamples", "PSSDotNetCore.ConsoleAppHttpClientExamples\PSSDotNetCore.ConsoleAppHttpClientExamples.csproj", "{18B0F9FB-2E30-4921-AE89-74BB94251A66}"
EndProject
Project("{9A19103F-16F7-4668-BE54-9A1E7A4F7556}") = "PSSDotNetCore.ConsoleAppRestClientExamples", "PSSDotNetCore.ConsoleAppRestClientExamples\PSSDotNetCore.ConsoleAppRestClientExamples.csproj", "{58A1E9E3-328F-41EF-A4A0-C19C565ED531}"
EndProject
Project("{9A19103F-16F7-4668-BE54-9A1E7A4F7556}") = "PSSDotNetCore.WinFormsApp", "PSSDotNetCore.WinFormsApp\PSSDotNetCore.WinFormsApp.csproj", "{54DC7ABD-08A8-4C0B-AA47-1A18BE064BDD}"
EndProject
Project("{9A19103F-16F7-4668-BE54-9A1E7A4F7556}") = "PSSDotNetCore.PizzaApi", "PSSDotNetCore.PizzaApi\PSSDotNetCore.PizzaApi.csproj", "{C934D47A-C7CE-47EF-B7A2-B0637EB728C0}"
EndProject
Project("{9A19103F-16F7-4668-BE54-9A1E7A4F7556}") = "PSSDotNetCore.ConsoleAppRefitExamples", "PSSDotNetCore.ConsoleAppRefitExamples\PSSDotNetCore.ConsoleAppRefitExamples.csproj", "{1434E479-5EA2-4845-95D4-0DE337577E60}"
EndProject
Project("{9A19103F-16F7-4668-BE54-9A1E7A4F7556}") = "PSSDotNetCore.WinFormsAppSqlInjection", "PSSDotNetCore.WinFormsAppSqlInjection\PSSDotNetCore.WinFormsAppSqlInjection.csproj", "{9E37C9AC-A71E-4F63-BABA-645B6D204E4E}"
EndProject
Project("{9A19103F-16F7-4668-BE54-9A1E7A4F7556}") = "PSSDotNetCore.NLayer.UI", "PSSDotNetCore.NLayer.UI\PSSDotNetCore.NLayer.UI.csproj", "{2498BCF1-A126-4196-81E8-B9DE15F189B5}"
EndProject
Project("{9A19103F-16F7-4668-BE54-9A1E7A4F7556}") = "PSSDotNetCore.NLayer.BusinessLogic", "PSSDotNetCore.NLayer.BusinessLogic\PSSDotNetCore.NLayer.BusinessLogic.csproj", "{4999A3B6-4B27-4728-AFA6-C89830CF37B4}"
EndProject
Project("{9A19103F-16F7-4668-BE54-9A1E7A4F7556}") = "PSSDotNetCore.NLayer. DataAccess", "PSSDotNetCore.NLayer. DataAccess\PSSDotNetCore.NLayer. DataAccess.csproj", "{7EE75491-55EF-47B0-808E-ABC12F4C776B}"
EndProject
Project("{9A19103F-16F7-4668-BE54-9A1E7A4F7556}") = "PSSDotNetCore.MinimalApi", "PSSDotNetCore.MinimalApi\PSSDotNetCore.MinimalApi.csproj", "{5D1B2698-D345-4500-86CC-356B954A69DA}"
EndProject
Project("{FAE04EC0-301F-11D3-BF4B-00C04F79EFBC}") = "PSSDotNetCore.MvcApp", "PSSDotNetCore.MvcApp\PSSDotNetCore.MvcApp.csproj", "{1FA71A50-E323-4B56-9CC9-38E17BC41CAD}"
EndProject
Global
	GlobalSection(SolutionConfigurationPlatforms) = preSolution
		Debug|Any CPU = Debug|Any CPU
		Release|Any CPU = Release|Any CPU
	EndGlobalSection
	GlobalSection(ProjectConfigurationPlatforms) = postSolution
		{403A5060-A220-4DA6-A376-16DE3909A4EA}.Debug|Any CPU.ActiveCfg = Debug|Any CPU
		{403A5060-A220-4DA6-A376-16DE3909A4EA}.Debug|Any CPU.Build.0 = Debug|Any CPU
		{403A5060-A220-4DA6-A376-16DE3909A4EA}.Release|Any CPU.ActiveCfg = Release|Any CPU
		{403A5060-A220-4DA6-A376-16DE3909A4EA}.Release|Any CPU.Build.0 = Release|Any CPU
		{2CDBC1A4-6DC4-4BEA-ADA8-5960F4B71712}.Debug|Any CPU.ActiveCfg = Debug|Any CPU
		{2CDBC1A4-6DC4-4BEA-ADA8-5960F4B71712}.Debug|Any CPU.Build.0 = Debug|Any CPU
		{2CDBC1A4-6DC4-4BEA-ADA8-5960F4B71712}.Release|Any CPU.ActiveCfg = Release|Any CPU
		{2CDBC1A4-6DC4-4BEA-ADA8-5960F4B71712}.Release|Any CPU.Build.0 = Release|Any CPU
		{F5E5E1A9-5A00-4058-8EEE-BA2967F85608}.Debug|Any CPU.ActiveCfg = Debug|Any CPU
		{F5E5E1A9-5A00-4058-8EEE-BA2967F85608}.Debug|Any CPU.Build.0 = Debug|Any CPU
		{F5E5E1A9-5A00-4058-8EEE-BA2967F85608}.Release|Any CPU.ActiveCfg = Release|Any CPU
		{F5E5E1A9-5A00-4058-8EEE-BA2967F85608}.Release|Any CPU.Build.0 = Release|Any CPU
		{7721F6A9-BF47-46F3-BE7C-9D30680D9DA5}.Debug|Any CPU.ActiveCfg = Debug|Any CPU
		{7721F6A9-BF47-46F3-BE7C-9D30680D9DA5}.Debug|Any CPU.Build.0 = Debug|Any CPU
		{7721F6A9-BF47-46F3-BE7C-9D30680D9DA5}.Release|Any CPU.ActiveCfg = Release|Any CPU
		{7721F6A9-BF47-46F3-BE7C-9D30680D9DA5}.Release|Any CPU.Build.0 = Release|Any CPU
		{BD5BD1CE-8A16-4905-BA20-5946E193BB3E}.Debug|Any CPU.ActiveCfg = Debug|Any CPU
		{BD5BD1CE-8A16-4905-BA20-5946E193BB3E}.Debug|Any CPU.Build.0 = Debug|Any CPU
		{BD5BD1CE-8A16-4905-BA20-5946E193BB3E}.Release|Any CPU.ActiveCfg = Release|Any CPU
		{BD5BD1CE-8A16-4905-BA20-5946E193BB3E}.Release|Any CPU.Build.0 = Release|Any CPU
		{18B0F9FB-2E30-4921-AE89-74BB94251A66}.Debug|Any CPU.ActiveCfg = Debug|Any CPU
		{18B0F9FB-2E30-4921-AE89-74BB94251A66}.Debug|Any CPU.Build.0 = Debug|Any CPU
		{18B0F9FB-2E30-4921-AE89-74BB94251A66}.Release|Any CPU.ActiveCfg = Release|Any CPU
		{18B0F9FB-2E30-4921-AE89-74BB94251A66}.Release|Any CPU.Build.0 = Release|Any CPU
		{58A1E9E3-328F-41EF-A4A0-C19C565ED531}.Debug|Any CPU.ActiveCfg = Debug|Any CPU
		{58A1E9E3-328F-41EF-A4A0-C19C565ED531}.Debug|Any CPU.Build.0 = Debug|Any CPU
		{58A1E9E3-328F-41EF-A4A0-C19C565ED531}.Release|Any CPU.ActiveCfg = Release|Any CPU
		{58A1E9E3-328F-41EF-A4A0-C19C565ED531}.Release|Any CPU.Build.0 = Release|Any CPU
		{54DC7ABD-08A8-4C0B-AA47-1A18BE064BDD}.Debug|Any CPU.ActiveCfg = Debug|Any CPU
		{54DC7ABD-08A8-4C0B-AA47-1A18BE064BDD}.Debug|Any CPU.Build.0 = Debug|Any CPU
		{54DC7ABD-08A8-4C0B-AA47-1A18BE064BDD}.Release|Any CPU.ActiveCfg = Release|Any CPU
		{54DC7ABD-08A8-4C0B-AA47-1A18BE064BDD}.Release|Any CPU.Build.0 = Release|Any CPU
		{C934D47A-C7CE-47EF-B7A2-B0637EB728C0}.Debug|Any CPU.ActiveCfg = Debug|Any CPU
		{C934D47A-C7CE-47EF-B7A2-B0637EB728C0}.Debug|Any CPU.Build.0 = Debug|Any CPU
		{C934D47A-C7CE-47EF-B7A2-B0637EB728C0}.Release|Any CPU.ActiveCfg = Release|Any CPU
		{C934D47A-C7CE-47EF-B7A2-B0637EB728C0}.Release|Any CPU.Build.0 = Release|Any CPU
		{1434E479-5EA2-4845-95D4-0DE337577E60}.Debug|Any CPU.ActiveCfg = Debug|Any CPU
		{1434E479-5EA2-4845-95D4-0DE337577E60}.Debug|Any CPU.Build.0 = Debug|Any CPU
		{1434E479-5EA2-4845-95D4-0DE337577E60}.Release|Any CPU.ActiveCfg = Release|Any CPU
		{1434E479-5EA2-4845-95D4-0DE337577E60}.Release|Any CPU.Build.0 = Release|Any CPU
		{9E37C9AC-A71E-4F63-BABA-645B6D204E4E}.Debug|Any CPU.ActiveCfg = Debug|Any CPU
		{9E37C9AC-A71E-4F63-BABA-645B6D204E4E}.Debug|Any CPU.Build.0 = Debug|Any CPU
		{9E37C9AC-A71E-4F63-BABA-645B6D204E4E}.Release|Any CPU.ActiveCfg = Release|Any CPU
		{9E37C9AC-A71E-4F63-BABA-645B6D204E4E}.Release|Any CPU.Build.0 = Release|Any CPU
		{2498BCF1-A126-4196-81E8-B9DE15F189B5}.Debug|Any CPU.ActiveCfg = Debug|Any CPU
		{2498BCF1-A126-4196-81E8-B9DE15F189B5}.Debug|Any CPU.Build.0 = Debug|Any CPU
		{2498BCF1-A126-4196-81E8-B9DE15F189B5}.Release|Any CPU.ActiveCfg = Release|Any CPU
		{2498BCF1-A126-4196-81E8-B9DE15F189B5}.Release|Any CPU.Build.0 = Release|Any CPU
		{4999A3B6-4B27-4728-AFA6-C89830CF37B4}.Debug|Any CPU.ActiveCfg = Debug|Any CPU
		{4999A3B6-4B27-4728-AFA6-C89830CF37B4}.Debug|Any CPU.Build.0 = Debug|Any CPU
		{4999A3B6-4B27-4728-AFA6-C89830CF37B4}.Release|Any CPU.ActiveCfg = Release|Any CPU
		{4999A3B6-4B27-4728-AFA6-C89830CF37B4}.Release|Any CPU.Build.0 = Release|Any CPU
		{7EE75491-55EF-47B0-808E-ABC12F4C776B}.Debug|Any CPU.ActiveCfg = Debug|Any CPU
		{7EE75491-55EF-47B0-808E-ABC12F4C776B}.Debug|Any CPU.Build.0 = Debug|Any CPU
		{7EE75491-55EF-47B0-808E-ABC12F4C776B}.Release|Any CPU.ActiveCfg = Release|Any CPU
		{7EE75491-55EF-47B0-808E-ABC12F4C776B}.Release|Any CPU.Build.0 = Release|Any CPU
		{5D1B2698-D345-4500-86CC-356B954A69DA}.Debug|Any CPU.ActiveCfg = Debug|Any CPU
		{5D1B2698-D345-4500-86CC-356B954A69DA}.Debug|Any CPU.Build.0 = Debug|Any CPU
		{5D1B2698-D345-4500-86CC-356B954A69DA}.Release|Any CPU.ActiveCfg = Release|Any CPU
		{5D1B2698-D345-4500-86CC-356B954A69DA}.Release|Any CPU.Build.0 = Release|Any CPU
		{1FA71A50-E323-4B56-9CC9-38E17BC41CAD}.Debug|Any CPU.ActiveCfg = Debug|Any CPU
		{1FA71A50-E323-4B56-9CC9-38E17BC41CAD}.Debug|Any CPU.Build.0 = Debug|Any CPU
		{1FA71A50-E323-4B56-9CC9-38E17BC41CAD}.Release|Any CPU.ActiveCfg = Release|Any CPU
		{1FA71A50-E323-4B56-9CC9-38E17BC41CAD}.Release|Any CPU.Build.0 = Release|Any CPU
	EndGlobalSection
	GlobalSection(SolutionProperties) = preSolution
		HideSolutionNode = FALSE
	EndGlobalSection
	GlobalSection(ExtensibilityGlobals) = postSolution
		SolutionGuid = {EFE0B856-F100-4DAA-B48B-FCFA81D509E0}
	EndGlobalSection
EndGlobal
