
Microsoft Visual Studio Solution File, Format Version 12.00
# Visual Studio Version 17
VisualStudioVersion = 17.9.34723.18
MinimumVisualStudioVersion = 10.0.40219.1
Project("{FAE04EC0-301F-11D3-BF4B-00C04F79EFBC}") = "PSSDotNetCore.ConsoleApp", "PSSDotNetCore.ConsoleApp\PSSDotNetCore.ConsoleApp.csproj", "{403A5060-A220-4DA6-A376-16DE3909A4EA}"
EndProject
Global
	GlobalSection(SolutionConfigurationPlatforms) = preSolution
		Debug|Any CPU = Debug|Any CPU
		Release|Any CPU = Release|Any CPU
	EndGlobalSection
	GlobalSection(ProjectConfigurationPlatforms) = postSolution
		{403A5060-A220-4DA6-A376-16DE3909A4EA}.Debug|Any CPU.ActiveCfg = Debug|Any CPU
		{403A5060-A220-4DA6-A376-16DE3909A4EA}.Debug|Any CPU.Build.0 = Debug|Any CPU
		{403A5060-A220-4DA6-A376-16DE3909A4EA}.Release|Any CPU.ActiveCfg = Release|Any CPU
		{403A5060-A220-4DA6-A376-16DE3909A4EA}.Release|Any CPU.Build.0 = Release|Any CPU
	EndGlobalSection
	GlobalSection(SolutionProperties) = preSolution
		HideSolutionNode = FALSE
	EndGlobalSection
	GlobalSection(ExtensibilityGlobals) = postSolution
		SolutionGuid = {EFE0B856-F100-4DAA-B48B-FCFA81D509E0}
	EndGlobalSection
EndGlobal
